{
    "name": "client",
    "version": "0.0.0",
    "lockfileVersion": 2,
    "requires": true,
    "packages": {
        "": {
            "name": "client",
            "version": "0.0.0",
            "devDependencies": {
                "rescript": "9.1.2"
            }
        },
        "node_modules/rescript": {
            "version": "9.1.2",
            "resolved": "https://registry.npmjs.org/rescript/-/rescript-9.1.2.tgz",
            "integrity": "sha512-4wHvTDv3nyYnAPJHcg1RGG8z7u3HDiBf6RN3P/dITDv859Qo35aKOzJWQtfBzbAs0EKNafLqei3TnUqiAv6BwQ==",
            "dev": true,
            "hasInstallScript": true,
            "bin": {
                "bsc": "bsc",
                "bsrefmt": "bsrefmt",
                "bstracing": "lib/bstracing",
                "rescript": "rescript"
            }
        }
    },
    "dependencies": {
        "rescript": {
            "version": "9.1.2",
            "resolved": "https://registry.npmjs.org/rescript/-/rescript-9.1.2.tgz",
            "integrity": "sha512-4wHvTDv3nyYnAPJHcg1RGG8z7u3HDiBf6RN3P/dITDv859Qo35aKOzJWQtfBzbAs0EKNafLqei3TnUqiAv6BwQ==",
            "dev": true
        }
    }
}
